// !$*UTF8*$!
{
	archiveVersion = 1;
	classes = {
	};
	objectVersion = 56;
	objects = {

/* Begin PBXBuildFile section */
		E2070ABE2ADC5D7400713445 /* InitializerBootcamp.swift in Sources */ = {isa = PBXBuildFile; fileRef = E2070ABD2ADC5D7400713445 /* InitializerBootcamp.swift */; };
		E20B7D0D2AE2B4D000F4E74A /* DatePickerBootcamp.swift in Sources */ = {isa = PBXBuildFile; fileRef = E20B7D0C2AE2B4D000F4E74A /* DatePickerBootcamp.swift */; };
		E219FD3D2ADE80D600AC92AC /* BindingBootcamp.swift in Sources */ = {isa = PBXBuildFile; fileRef = E219FD3C2ADE80D600AC92AC /* BindingBootcamp.swift */; };
		E21EFC642AE1AF9500C3F780 /* TextFieldBootcamp.swift in Sources */ = {isa = PBXBuildFile; fileRef = E21EFC632AE1AF9500C3F780 /* TextFieldBootcamp.swift */; };
		E22347B12ADFD8AB00405F5A /* SheetsBootcamp.swift in Sources */ = {isa = PBXBuildFile; fileRef = E22347B02ADFD8AB00405F5A /* SheetsBootcamp.swift */; };
		E22347B32ADFE84900405F5A /* NavigationStackBootcamp.swift in Sources */ = {isa = PBXBuildFile; fileRef = E22347B22ADFE84900405F5A /* NavigationStackBootcamp.swift */; };
		E22347B52AE0020B00405F5A /* ListBootcamp.swift in Sources */ = {isa = PBXBuildFile; fileRef = E22347B42AE0020B00405F5A /* ListBootcamp.swift */; };
		E22347B72AE02F5200405F5A /* AlertBootcamp.swift in Sources */ = {isa = PBXBuildFile; fileRef = E22347B62AE02F5200405F5A /* AlertBootcamp.swift */; };
		E251233D2ADEFD4200B9A2E4 /* AnimationTimingBootcamp.swift in Sources */ = {isa = PBXBuildFile; fileRef = E251233C2ADEFD4200B9A2E4 /* AnimationTimingBootcamp.swift */; };
		E26D14072ADA80AF00C552D2 /* SwiftUIBootcampApp.swift in Sources */ = {isa = PBXBuildFile; fileRef = E26D14062ADA80AF00C552D2 /* SwiftUIBootcampApp.swift */; };
		E26D14092ADA80AF00C552D2 /* ContentView.swift in Sources */ = {isa = PBXBuildFile; fileRef = E26D14082ADA80AF00C552D2 /* ContentView.swift */; };
		E26D140B2ADA80B000C552D2 /* Assets.xcassets in Resources */ = {isa = PBXBuildFile; fileRef = E26D140A2ADA80B000C552D2 /* Assets.xcassets */; };
		E26D140E2ADA80B000C552D2 /* Preview Assets.xcassets in Resources */ = {isa = PBXBuildFile; fileRef = E26D140D2ADA80B000C552D2 /* Preview Assets.xcassets */; };
		E26D14152ADA80FD00C552D2 /* ShapesBootcamp.swift in Sources */ = {isa = PBXBuildFile; fileRef = E26D14142ADA80FD00C552D2 /* ShapesBootcamp.swift */; };
		E2733EBA2AE2AE8400F4951E /* ColorPickerBootcamp.swift in Sources */ = {isa = PBXBuildFile; fileRef = E2733EB92AE2AE8400F4951E /* ColorPickerBootcamp.swift */; };
		E278CEC92AE291CB00868F6E /* ToggleBootcamp.swift in Sources */ = {isa = PBXBuildFile; fileRef = E278CEC82AE291CB00868F6E /* ToggleBootcamp.swift */; };
		E278CECB2AE29A3500868F6E /* PickerBootcamp.swift in Sources */ = {isa = PBXBuildFile; fileRef = E278CECA2AE29A3500868F6E /* PickerBootcamp.swift */; };
		E279B00B2ADD74220078F36C /* ScrollViewBootcamp.swift in Sources */ = {isa = PBXBuildFile; fileRef = E279B00A2ADD74220078F36C /* ScrollViewBootcamp.swift */; };
		E280C3C62AE3ABAC00A91F3E /* TabViewBootcamp.swift in Sources */ = {isa = PBXBuildFile; fileRef = E280C3C52AE3ABAC00A91F3E /* TabViewBootcamp.swift */; };
		E2853C1A2ADDAF610050D767 /* ExtractedFunctionsBootcamp.swift in Sources */ = {isa = PBXBuildFile; fileRef = E2853C192ADDAF610050D767 /* ExtractedFunctionsBootcamp.swift */; };
		E28739EE2AE2E3EC0074C1FF /* StepperBootcamp.swift in Sources */ = {isa = PBXBuildFile; fileRef = E28739ED2AE2E3EC0074C1FF /* StepperBootcamp.swift */; };
		E28739F02AE2E9090074C1FF /* SliderBootcamp.swift in Sources */ = {isa = PBXBuildFile; fileRef = E28739EF2AE2E9090074C1FF /* SliderBootcamp.swift */; };
		E29BE9352ADBF0FC00F08741 /* GradientBootcamp.swift in Sources */ = {isa = PBXBuildFile; fileRef = E29BE9342ADBF0FC00F08741 /* GradientBootcamp.swift */; };
		E29BE9372ADC183700F08741 /* ImageBootcamp.swift in Sources */ = {isa = PBXBuildFile; fileRef = E29BE9362ADC183700F08741 /* ImageBootcamp.swift */; };
		E29BE9392ADC345800F08741 /* BackgroundAndOverlayBootcamp.swift in Sources */ = {isa = PBXBuildFile; fileRef = E29BE9382ADC345800F08741 /* BackgroundAndOverlayBootcamp.swift */; };
		E2B4CDE42ADEECC8000F9C84 /* AnimationBootcamp.swift in Sources */ = {isa = PBXBuildFile; fileRef = E2B4CDE32ADEECC8000F9C84 /* AnimationBootcamp.swift */; };
		E2D3286F2AE3EF0100C795FA /* OnAppearBootcamp.swift in Sources */ = {isa = PBXBuildFile; fileRef = E2D3286E2AE3EF0100C795FA /* OnAppearBootcamp.swift */; };
		E2D328712AE3FCE700C795FA /* IfLetGuardBootcamp.swift in Sources */ = {isa = PBXBuildFile; fileRef = E2D328702AE3FCE700C795FA /* IfLetGuardBootcamp.swift */; };
		E2F1ADDA2ADAB4DB0039B02C /* ColorsBootcamp.swift in Sources */ = {isa = PBXBuildFile; fileRef = E2F1ADD92ADAB4DB0039B02C /* ColorsBootcamp.swift */; };
		E2F3600A2AE1438F00215AB2 /* ActionSheetBootcamp.swift in Sources */ = {isa = PBXBuildFile; fileRef = E2F360092AE1438F00215AB2 /* ActionSheetBootcamp.swift */; };
		E2F4F4A22ADF191D0039F6D6 /* TransitionBootcamp.swift in Sources */ = {isa = PBXBuildFile; fileRef = E2F4F4A12ADF191D0039F6D6 /* TransitionBootcamp.swift */; };
		E2FDBEFA2AE1A47D002CBAFC /* ContextMenuBootcamp.swift in Sources */ = {isa = PBXBuildFile; fileRef = E2FDBEF92AE1A47D002CBAFC /* ContextMenuBootcamp.swift */; };
/* End PBXBuildFile section */

/* Begin PBXFileReference section */
		E2070ABD2ADC5D7400713445 /* InitializerBootcamp.swift */ = {isa = PBXFileReference; lastKnownFileType = sourcecode.swift; path = InitializerBootcamp.swift; sourceTree = "<group>"; };
		E20B7D0C2AE2B4D000F4E74A /* DatePickerBootcamp.swift */ = {isa = PBXFileReference; lastKnownFileType = sourcecode.swift; path = DatePickerBootcamp.swift; sourceTree = "<group>"; };
		E219FD3C2ADE80D600AC92AC /* BindingBootcamp.swift */ = {isa = PBXFileReference; lastKnownFileType = sourcecode.swift; path = BindingBootcamp.swift; sourceTree = "<group>"; };
		E21EFC632AE1AF9500C3F780 /* TextFieldBootcamp.swift */ = {isa = PBXFileReference; lastKnownFileType = sourcecode.swift; path = TextFieldBootcamp.swift; sourceTree = "<group>"; };
		E22347B02ADFD8AB00405F5A /* SheetsBootcamp.swift */ = {isa = PBXFileReference; lastKnownFileType = sourcecode.swift; path = SheetsBootcamp.swift; sourceTree = "<group>"; };
		E22347B22ADFE84900405F5A /* NavigationStackBootcamp.swift */ = {isa = PBXFileReference; lastKnownFileType = sourcecode.swift; path = NavigationStackBootcamp.swift; sourceTree = "<group>"; };
		E22347B42AE0020B00405F5A /* ListBootcamp.swift */ = {isa = PBXFileReference; lastKnownFileType = sourcecode.swift; path = ListBootcamp.swift; sourceTree = "<group>"; };
		E22347B62AE02F5200405F5A /* AlertBootcamp.swift */ = {isa = PBXFileReference; lastKnownFileType = sourcecode.swift; path = AlertBootcamp.swift; sourceTree = "<group>"; };
		E251233C2ADEFD4200B9A2E4 /* AnimationTimingBootcamp.swift */ = {isa = PBXFileReference; lastKnownFileType = sourcecode.swift; path = AnimationTimingBootcamp.swift; sourceTree = "<group>"; };
		E26D14032ADA80AF00C552D2 /* SwiftUIBootcamp.app */ = {isa = PBXFileReference; explicitFileType = wrapper.application; includeInIndex = 0; path = SwiftUIBootcamp.app; sourceTree = BUILT_PRODUCTS_DIR; };
		E26D14062ADA80AF00C552D2 /* SwiftUIBootcampApp.swift */ = {isa = PBXFileReference; lastKnownFileType = sourcecode.swift; path = SwiftUIBootcampApp.swift; sourceTree = "<group>"; };
		E26D14082ADA80AF00C552D2 /* ContentView.swift */ = {isa = PBXFileReference; lastKnownFileType = sourcecode.swift; path = ContentView.swift; sourceTree = "<group>"; };
		E26D140A2ADA80B000C552D2 /* Assets.xcassets */ = {isa = PBXFileReference; lastKnownFileType = folder.assetcatalog; path = Assets.xcassets; sourceTree = "<group>"; };
		E26D140D2ADA80B000C552D2 /* Preview Assets.xcassets */ = {isa = PBXFileReference; lastKnownFileType = folder.assetcatalog; path = "Preview Assets.xcassets"; sourceTree = "<group>"; };
		E26D14142ADA80FD00C552D2 /* ShapesBootcamp.swift */ = {isa = PBXFileReference; lastKnownFileType = sourcecode.swift; path = ShapesBootcamp.swift; sourceTree = "<group>"; };
		E2733EB92AE2AE8400F4951E /* ColorPickerBootcamp.swift */ = {isa = PBXFileReference; lastKnownFileType = sourcecode.swift; path = ColorPickerBootcamp.swift; sourceTree = "<group>"; };
		E278CEC82AE291CB00868F6E /* ToggleBootcamp.swift */ = {isa = PBXFileReference; lastKnownFileType = sourcecode.swift; path = ToggleBootcamp.swift; sourceTree = "<group>"; };
		E278CECA2AE29A3500868F6E /* PickerBootcamp.swift */ = {isa = PBXFileReference; lastKnownFileType = sourcecode.swift; path = PickerBootcamp.swift; sourceTree = "<group>"; };
		E279B00A2ADD74220078F36C /* ScrollViewBootcamp.swift */ = {isa = PBXFileReference; lastKnownFileType = sourcecode.swift; path = ScrollViewBootcamp.swift; sourceTree = "<group>"; };
		E280C3C52AE3ABAC00A91F3E /* TabViewBootcamp.swift */ = {isa = PBXFileReference; lastKnownFileType = sourcecode.swift; path = TabViewBootcamp.swift; sourceTree = "<group>"; };
		E2853C192ADDAF610050D767 /* ExtractedFunctionsBootcamp.swift */ = {isa = PBXFileReference; lastKnownFileType = sourcecode.swift; path = ExtractedFunctionsBootcamp.swift; sourceTree = "<group>"; };
		E28739ED2AE2E3EC0074C1FF /* StepperBootcamp.swift */ = {isa = PBXFileReference; lastKnownFileType = sourcecode.swift; path = StepperBootcamp.swift; sourceTree = "<group>"; };
		E28739EF2AE2E9090074C1FF /* SliderBootcamp.swift */ = {isa = PBXFileReference; lastKnownFileType = sourcecode.swift; path = SliderBootcamp.swift; sourceTree = "<group>"; };
		E29BE9342ADBF0FC00F08741 /* GradientBootcamp.swift */ = {isa = PBXFileReference; lastKnownFileType = sourcecode.swift; path = GradientBootcamp.swift; sourceTree = "<group>"; };
		E29BE9362ADC183700F08741 /* ImageBootcamp.swift */ = {isa = PBXFileReference; lastKnownFileType = sourcecode.swift; path = ImageBootcamp.swift; sourceTree = "<group>"; };
		E29BE9382ADC345800F08741 /* BackgroundAndOverlayBootcamp.swift */ = {isa = PBXFileReference; lastKnownFileType = sourcecode.swift; path = BackgroundAndOverlayBootcamp.swift; sourceTree = "<group>"; };
		E2B4CDE32ADEECC8000F9C84 /* AnimationBootcamp.swift */ = {isa = PBXFileReference; lastKnownFileType = sourcecode.swift; path = AnimationBootcamp.swift; sourceTree = "<group>"; };
		E2D3286E2AE3EF0100C795FA /* OnAppearBootcamp.swift */ = {isa = PBXFileReference; lastKnownFileType = sourcecode.swift; path = OnAppearBootcamp.swift; sourceTree = "<group>"; };
		E2D328702AE3FCE700C795FA /* IfLetGuardBootcamp.swift */ = {isa = PBXFileReference; lastKnownFileType = sourcecode.swift; path = IfLetGuardBootcamp.swift; sourceTree = "<group>"; };
		E2F1ADD92ADAB4DB0039B02C /* ColorsBootcamp.swift */ = {isa = PBXFileReference; lastKnownFileType = sourcecode.swift; path = ColorsBootcamp.swift; sourceTree = "<group>"; };
		E2F360092AE1438F00215AB2 /* ActionSheetBootcamp.swift */ = {isa = PBXFileReference; lastKnownFileType = sourcecode.swift; path = ActionSheetBootcamp.swift; sourceTree = "<group>"; };
		E2F4F4A12ADF191D0039F6D6 /* TransitionBootcamp.swift */ = {isa = PBXFileReference; lastKnownFileType = sourcecode.swift; path = TransitionBootcamp.swift; sourceTree = "<group>"; };
		E2FDBEF92AE1A47D002CBAFC /* ContextMenuBootcamp.swift */ = {isa = PBXFileReference; lastKnownFileType = sourcecode.swift; path = ContextMenuBootcamp.swift; sourceTree = "<group>"; };
/* End PBXFileReference section */

/* Begin PBXFrameworksBuildPhase section */
		E26D14002ADA80AF00C552D2 /* Frameworks */ = {
			isa = PBXFrameworksBuildPhase;
			buildActionMask = 2147483647;
			files = (
			);
			runOnlyForDeploymentPostprocessing = 0;
		};
/* End PBXFrameworksBuildPhase section */

/* Begin PBXGroup section */
		E26D13FA2ADA80AF00C552D2 = {
			isa = PBXGroup;
			children = (
				E26D14052ADA80AF00C552D2 /* SwiftUIBootcamp */,
				E26D14042ADA80AF00C552D2 /* Products */,
			);
			sourceTree = "<group>";
		};
		E26D14042ADA80AF00C552D2 /* Products */ = {
			isa = PBXGroup;
			children = (
				E26D14032ADA80AF00C552D2 /* SwiftUIBootcamp.app */,
			);
			name = Products;
			sourceTree = "<group>";
		};
		E26D14052ADA80AF00C552D2 /* SwiftUIBootcamp */ = {
			isa = PBXGroup;
			children = (
				E26D14062ADA80AF00C552D2 /* SwiftUIBootcampApp.swift */,
				E26D14082ADA80AF00C552D2 /* ContentView.swift */,
				E26D14142ADA80FD00C552D2 /* ShapesBootcamp.swift */,
				E2F1ADD92ADAB4DB0039B02C /* ColorsBootcamp.swift */,
				E29BE9342ADBF0FC00F08741 /* GradientBootcamp.swift */,
				E29BE9362ADC183700F08741 /* ImageBootcamp.swift */,
				E29BE9382ADC345800F08741 /* BackgroundAndOverlayBootcamp.swift */,
				E2070ABD2ADC5D7400713445 /* InitializerBootcamp.swift */,
				E279B00A2ADD74220078F36C /* ScrollViewBootcamp.swift */,
				E2853C192ADDAF610050D767 /* ExtractedFunctionsBootcamp.swift */,
				E219FD3C2ADE80D600AC92AC /* BindingBootcamp.swift */,
				E2B4CDE32ADEECC8000F9C84 /* AnimationBootcamp.swift */,
				E251233C2ADEFD4200B9A2E4 /* AnimationTimingBootcamp.swift */,
				E2F4F4A12ADF191D0039F6D6 /* TransitionBootcamp.swift */,
				E22347B02ADFD8AB00405F5A /* SheetsBootcamp.swift */,
				E22347B22ADFE84900405F5A /* NavigationStackBootcamp.swift */,
				E22347B42AE0020B00405F5A /* ListBootcamp.swift */,
				E22347B62AE02F5200405F5A /* AlertBootcamp.swift */,
				E2F360092AE1438F00215AB2 /* ActionSheetBootcamp.swift */,
				E2FDBEF92AE1A47D002CBAFC /* ContextMenuBootcamp.swift */,
				E21EFC632AE1AF9500C3F780 /* TextFieldBootcamp.swift */,
				E278CEC82AE291CB00868F6E /* ToggleBootcamp.swift */,
				E278CECA2AE29A3500868F6E /* PickerBootcamp.swift */,
				E2733EB92AE2AE8400F4951E /* ColorPickerBootcamp.swift */,
				E20B7D0C2AE2B4D000F4E74A /* DatePickerBootcamp.swift */,
				E28739ED2AE2E3EC0074C1FF /* StepperBootcamp.swift */,
				E28739EF2AE2E9090074C1FF /* SliderBootcamp.swift */,
				E280C3C52AE3ABAC00A91F3E /* TabViewBootcamp.swift */,
				E2D3286E2AE3EF0100C795FA /* OnAppearBootcamp.swift */,
				E2D328702AE3FCE700C795FA /* IfLetGuardBootcamp.swift */,
				E26D140A2ADA80B000C552D2 /* Assets.xcassets */,
				E26D140C2ADA80B000C552D2 /* Preview Content */,
			);
			path = SwiftUIBootcamp;
			sourceTree = "<group>";
		};
		E26D140C2ADA80B000C552D2 /* Preview Content */ = {
			isa = PBXGroup;
			children = (
				E26D140D2ADA80B000C552D2 /* Preview Assets.xcassets */,
			);
			path = "Preview Content";
			sourceTree = "<group>";
		};
/* End PBXGroup section */

/* Begin PBXNativeTarget section */
		E26D14022ADA80AF00C552D2 /* SwiftUIBootcamp */ = {
			isa = PBXNativeTarget;
			buildConfigurationList = E26D14112ADA80B000C552D2 /* Build configuration list for PBXNativeTarget "SwiftUIBootcamp" */;
			buildPhases = (
				E26D13FF2ADA80AF00C552D2 /* Sources */,
				E26D14002ADA80AF00C552D2 /* Frameworks */,
				E26D14012ADA80AF00C552D2 /* Resources */,
			);
			buildRules = (
			);
			dependencies = (
			);
			name = SwiftUIBootcamp;
			productName = SwiftUIBootcamp;
			productReference = E26D14032ADA80AF00C552D2 /* SwiftUIBootcamp.app */;
			productType = "com.apple.product-type.application";
		};
/* End PBXNativeTarget section */

/* Begin PBXProject section */
		E26D13FB2ADA80AF00C552D2 /* Project object */ = {
			isa = PBXProject;
			attributes = {
				BuildIndependentTargetsInParallel = 1;
				LastSwiftUpdateCheck = 1500;
				LastUpgradeCheck = 1500;
				TargetAttributes = {
					E26D14022ADA80AF00C552D2 = {
						CreatedOnToolsVersion = 15.0;
					};
				};
			};
			buildConfigurationList = E26D13FE2ADA80AF00C552D2 /* Build configuration list for PBXProject "SwiftUIBootcamp" */;
			compatibilityVersion = "Xcode 14.0";
			developmentRegion = en;
			hasScannedForEncodings = 0;
			knownRegions = (
				en,
				Base,
			);
			mainGroup = E26D13FA2ADA80AF00C552D2;
			productRefGroup = E26D14042ADA80AF00C552D2 /* Products */;
			projectDirPath = "";
			projectRoot = "";
			targets = (
				E26D14022ADA80AF00C552D2 /* SwiftUIBootcamp */,
			);
		};
/* End PBXProject section */

/* Begin PBXResourcesBuildPhase section */
		E26D14012ADA80AF00C552D2 /* Resources */ = {
			isa = PBXResourcesBuildPhase;
			buildActionMask = 2147483647;
			files = (
				E26D140E2ADA80B000C552D2 /* Preview Assets.xcassets in Resources */,
				E26D140B2ADA80B000C552D2 /* Assets.xcassets in Resources */,
			);
			runOnlyForDeploymentPostprocessing = 0;
		};
/* End PBXResourcesBuildPhase section */

/* Begin PBXSourcesBuildPhase section */
		E26D13FF2ADA80AF00C552D2 /* Sources */ = {
			isa = PBXSourcesBuildPhase;
			buildActionMask = 2147483647;
			files = (
				E26D14092ADA80AF00C552D2 /* ContentView.swift in Sources */,
				E26D14152ADA80FD00C552D2 /* ShapesBootcamp.swift in Sources */,
				E29BE9352ADBF0FC00F08741 /* GradientBootcamp.swift in Sources */,
				E28739F02AE2E9090074C1FF /* SliderBootcamp.swift in Sources */,
				E22347B52AE0020B00405F5A /* ListBootcamp.swift in Sources */,
				E22347B32ADFE84900405F5A /* NavigationStackBootcamp.swift in Sources */,
				E219FD3D2ADE80D600AC92AC /* BindingBootcamp.swift in Sources */,
				E20B7D0D2AE2B4D000F4E74A /* DatePickerBootcamp.swift in Sources */,
				E251233D2ADEFD4200B9A2E4 /* AnimationTimingBootcamp.swift in Sources */,
				E2D328712AE3FCE700C795FA /* IfLetGuardBootcamp.swift in Sources */,
				E2FDBEFA2AE1A47D002CBAFC /* ContextMenuBootcamp.swift in Sources */,
				E2F4F4A22ADF191D0039F6D6 /* TransitionBootcamp.swift in Sources */,
				E279B00B2ADD74220078F36C /* ScrollViewBootcamp.swift in Sources */,
				E2D3286F2AE3EF0100C795FA /* OnAppearBootcamp.swift in Sources */,
				E22347B72AE02F5200405F5A /* AlertBootcamp.swift in Sources */,
				E2853C1A2ADDAF610050D767 /* ExtractedFunctionsBootcamp.swift in Sources */,
				E2F1ADDA2ADAB4DB0039B02C /* ColorsBootcamp.swift in Sources */,
				E22347B12ADFD8AB00405F5A /* SheetsBootcamp.swift in Sources */,
				E2733EBA2AE2AE8400F4951E /* ColorPickerBootcamp.swift in Sources */,
				E21EFC642AE1AF9500C3F780 /* TextFieldBootcamp.swift in Sources */,
				E29BE9392ADC345800F08741 /* BackgroundAndOverlayBootcamp.swift in Sources */,
				E280C3C62AE3ABAC00A91F3E /* TabViewBootcamp.swift in Sources */,
				E278CEC92AE291CB00868F6E /* ToggleBootcamp.swift in Sources */,
				E2070ABE2ADC5D7400713445 /* InitializerBootcamp.swift in Sources */,
				E29BE9372ADC183700F08741 /* ImageBootcamp.swift in Sources */,
				E2F3600A2AE1438F00215AB2 /* ActionSheetBootcamp.swift in Sources */,
				E26D14072ADA80AF00C552D2 /* SwiftUIBootcampApp.swift in Sources */,
				E278CECB2AE29A3500868F6E /* PickerBootcamp.swift in Sources */,
				E28739EE2AE2E3EC0074C1FF /* StepperBootcamp.swift in Sources */,
				E2B4CDE42ADEECC8000F9C84 /* AnimationBootcamp.swift in Sources */,
			);
			runOnlyForDeploymentPostprocessing = 0;
		};
/* End PBXSourcesBuildPhase section */

/* Begin XCBuildConfiguration section */
		E26D140F2ADA80B000C552D2 /* Debug */ = {
			isa = XCBuildConfiguration;
			buildSettings = {
				ALWAYS_SEARCH_USER_PATHS = NO;
				ASSETCATALOG_COMPILER_GENERATE_SWIFT_ASSET_SYMBOL_EXTENSIONS = YES;
				CLANG_ANALYZER_NONNULL = YES;
				CLANG_ANALYZER_NUMBER_OBJECT_CONVERSION = YES_AGGRESSIVE;
				CLANG_CXX_LANGUAGE_STANDARD = "gnu++20";
				CLANG_ENABLE_MODULES = YES;
				CLANG_ENABLE_OBJC_ARC = YES;
				CLANG_ENABLE_OBJC_WEAK = YES;
				CLANG_WARN_BLOCK_CAPTURE_AUTORELEASING = YES;
				CLANG_WARN_BOOL_CONVERSION = YES;
				CLANG_WARN_COMMA = YES;
				CLANG_WARN_CONSTANT_CONVERSION = YES;
				CLANG_WARN_DEPRECATED_OBJC_IMPLEMENTATIONS = YES;
				CLANG_WARN_DIRECT_OBJC_ISA_USAGE = YES_ERROR;
				CLANG_WARN_DOCUMENTATION_COMMENTS = YES;
				CLANG_WARN_EMPTY_BODY = YES;
				CLANG_WARN_ENUM_CONVERSION = YES;
				CLANG_WARN_INFINITE_RECURSION = YES;
				CLANG_WARN_INT_CONVERSION = YES;
				CLANG_WARN_NON_LITERAL_NULL_CONVERSION = YES;
				CLANG_WARN_OBJC_IMPLICIT_RETAIN_SELF = YES;
				CLANG_WARN_OBJC_LITERAL_CONVERSION = YES;
				CLANG_WARN_OBJC_ROOT_CLASS = YES_ERROR;
				CLANG_WARN_QUOTED_INCLUDE_IN_FRAMEWORK_HEADER = YES;
				CLANG_WARN_RANGE_LOOP_ANALYSIS = YES;
				CLANG_WARN_STRICT_PROTOTYPES = YES;
				CLANG_WARN_SUSPICIOUS_MOVE = YES;
				CLANG_WARN_UNGUARDED_AVAILABILITY = YES_AGGRESSIVE;
				CLANG_WARN_UNREACHABLE_CODE = YES;
				CLANG_WARN__DUPLICATE_METHOD_MATCH = YES;
				COPY_PHASE_STRIP = NO;
				DEBUG_INFORMATION_FORMAT = dwarf;
				ENABLE_STRICT_OBJC_MSGSEND = YES;
				ENABLE_TESTABILITY = YES;
				ENABLE_USER_SCRIPT_SANDBOXING = YES;
				GCC_C_LANGUAGE_STANDARD = gnu17;
				GCC_DYNAMIC_NO_PIC = NO;
				GCC_NO_COMMON_BLOCKS = YES;
				GCC_OPTIMIZATION_LEVEL = 0;
				GCC_PREPROCESSOR_DEFINITIONS = (
					"DEBUG=1",
					"$(inherited)",
				);
				GCC_WARN_64_TO_32_BIT_CONVERSION = YES;
				GCC_WARN_ABOUT_RETURN_TYPE = YES_ERROR;
				GCC_WARN_UNDECLARED_SELECTOR = YES;
				GCC_WARN_UNINITIALIZED_AUTOS = YES_AGGRESSIVE;
				GCC_WARN_UNUSED_FUNCTION = YES;
				GCC_WARN_UNUSED_VARIABLE = YES;
				IPHONEOS_DEPLOYMENT_TARGET = 17.0;
				LOCALIZATION_PREFERS_STRING_CATALOGS = YES;
				MTL_ENABLE_DEBUG_INFO = INCLUDE_SOURCE;
				MTL_FAST_MATH = YES;
				ONLY_ACTIVE_ARCH = YES;
				SDKROOT = iphoneos;
				SWIFT_ACTIVE_COMPILATION_CONDITIONS = "DEBUG $(inherited)";
				SWIFT_OPTIMIZATION_LEVEL = "-Onone";
			};
			name = Debug;
		};
		E26D14102ADA80B000C552D2 /* Release */ = {
			isa = XCBuildConfiguration;
			buildSettings = {
				ALWAYS_SEARCH_USER_PATHS = NO;
				ASSETCATALOG_COMPILER_GENERATE_SWIFT_ASSET_SYMBOL_EXTENSIONS = YES;
				CLANG_ANALYZER_NONNULL = YES;
				CLANG_ANALYZER_NUMBER_OBJECT_CONVERSION = YES_AGGRESSIVE;
				CLANG_CXX_LANGUAGE_STANDARD = "gnu++20";
				CLANG_ENABLE_MODULES = YES;
				CLANG_ENABLE_OBJC_ARC = YES;
				CLANG_ENABLE_OBJC_WEAK = YES;
				CLANG_WARN_BLOCK_CAPTURE_AUTORELEASING = YES;
				CLANG_WARN_BOOL_CONVERSION = YES;
				CLANG_WARN_COMMA = YES;
				CLANG_WARN_CONSTANT_CONVERSION = YES;
				CLANG_WARN_DEPRECATED_OBJC_IMPLEMENTATIONS = YES;
				CLANG_WARN_DIRECT_OBJC_ISA_USAGE = YES_ERROR;
				CLANG_WARN_DOCUMENTATION_COMMENTS = YES;
				CLANG_WARN_EMPTY_BODY = YES;
				CLANG_WARN_ENUM_CONVERSION = YES;
				CLANG_WARN_INFINITE_RECURSION = YES;
				CLANG_WARN_INT_CONVERSION = YES;
				CLANG_WARN_NON_LITERAL_NULL_CONVERSION = YES;
				CLANG_WARN_OBJC_IMPLICIT_RETAIN_SELF = YES;
				CLANG_WARN_OBJC_LITERAL_CONVERSION = YES;
				CLANG_WARN_OBJC_ROOT_CLASS = YES_ERROR;
				CLANG_WARN_QUOTED_INCLUDE_IN_FRAMEWORK_HEADER = YES;
				CLANG_WARN_RANGE_LOOP_ANALYSIS = YES;
				CLANG_WARN_STRICT_PROTOTYPES = YES;
				CLANG_WARN_SUSPICIOUS_MOVE = YES;
				CLANG_WARN_UNGUARDED_AVAILABILITY = YES_AGGRESSIVE;
				CLANG_WARN_UNREACHABLE_CODE = YES;
				CLANG_WARN__DUPLICATE_METHOD_MATCH = YES;
				COPY_PHASE_STRIP = NO;
				DEBUG_INFORMATION_FORMAT = "dwarf-with-dsym";
				ENABLE_NS_ASSERTIONS = NO;
				ENABLE_STRICT_OBJC_MSGSEND = YES;
				ENABLE_USER_SCRIPT_SANDBOXING = YES;
				GCC_C_LANGUAGE_STANDARD = gnu17;
				GCC_NO_COMMON_BLOCKS = YES;
				GCC_WARN_64_TO_32_BIT_CONVERSION = YES;
				GCC_WARN_ABOUT_RETURN_TYPE = YES_ERROR;
				GCC_WARN_UNDECLARED_SELECTOR = YES;
				GCC_WARN_UNINITIALIZED_AUTOS = YES_AGGRESSIVE;
				GCC_WARN_UNUSED_FUNCTION = YES;
				GCC_WARN_UNUSED_VARIABLE = YES;
				IPHONEOS_DEPLOYMENT_TARGET = 17.0;
				LOCALIZATION_PREFERS_STRING_CATALOGS = YES;
				MTL_ENABLE_DEBUG_INFO = NO;
				MTL_FAST_MATH = YES;
				SDKROOT = iphoneos;
				SWIFT_COMPILATION_MODE = wholemodule;
				VALIDATE_PRODUCT = YES;
			};
			name = Release;
		};
		E26D14122ADA80B000C552D2 /* Debug */ = {
			isa = XCBuildConfiguration;
			buildSettings = {
				ASSETCATALOG_COMPILER_APPICON_NAME = AppIcon;
				ASSETCATALOG_COMPILER_GLOBAL_ACCENT_COLOR_NAME = AccentColor;
				CODE_SIGN_STYLE = Automatic;
				CURRENT_PROJECT_VERSION = 1;
				DEVELOPMENT_ASSET_PATHS = "\"SwiftUIBootcamp/Preview Content\"";
				DEVELOPMENT_TEAM = 4HXT666CZK;
				ENABLE_PREVIEWS = YES;
				GENERATE_INFOPLIST_FILE = YES;
				INFOPLIST_KEY_UIApplicationSceneManifest_Generation = YES;
				INFOPLIST_KEY_UIApplicationSupportsIndirectInputEvents = YES;
				INFOPLIST_KEY_UILaunchScreen_Generation = YES;
				INFOPLIST_KEY_UISupportedInterfaceOrientations_iPad = "UIInterfaceOrientationPortrait UIInterfaceOrientationPortraitUpsideDown UIInterfaceOrientationLandscapeLeft UIInterfaceOrientationLandscapeRight";
				INFOPLIST_KEY_UISupportedInterfaceOrientations_iPhone = "UIInterfaceOrientationPortrait UIInterfaceOrientationLandscapeLeft UIInterfaceOrientationLandscapeRight";
				LD_RUNPATH_SEARCH_PATHS = (
					"$(inherited)",
					"@executable_path/Frameworks",
				);
				MARKETING_VERSION = 1.0;
				PRODUCT_BUNDLE_IDENTIFIER = com.denisdragan.SwiftUIBootcamp;
				PRODUCT_NAME = "$(TARGET_NAME)";
				SWIFT_EMIT_LOC_STRINGS = YES;
				SWIFT_VERSION = 5.0;
				TARGETED_DEVICE_FAMILY = "1,2";
			};
			name = Debug;
		};
		E26D14132ADA80B000C552D2 /* Release */ = {
			isa = XCBuildConfiguration;
			buildSettings = {
				ASSETCATALOG_COMPILER_APPICON_NAME = AppIcon;
				ASSETCATALOG_COMPILER_GLOBAL_ACCENT_COLOR_NAME = AccentColor;
				CODE_SIGN_STYLE = Automatic;
				CURRENT_PROJECT_VERSION = 1;
				DEVELOPMENT_ASSET_PATHS = "\"SwiftUIBootcamp/Preview Content\"";
				DEVELOPMENT_TEAM = 4HXT666CZK;
				ENABLE_PREVIEWS = YES;
				GENERATE_INFOPLIST_FILE = YES;
				INFOPLIST_KEY_UIApplicationSceneManifest_Generation = YES;
				INFOPLIST_KEY_UIApplicationSupportsIndirectInputEvents = YES;
				INFOPLIST_KEY_UILaunchScreen_Generation = YES;
				INFOPLIST_KEY_UISupportedInterfaceOrientations_iPad = "UIInterfaceOrientationPortrait UIInterfaceOrientationPortraitUpsideDown UIInterfaceOrientationLandscapeLeft UIInterfaceOrientationLandscapeRight";
				INFOPLIST_KEY_UISupportedInterfaceOrientations_iPhone = "UIInterfaceOrientationPortrait UIInterfaceOrientationLandscapeLeft UIInterfaceOrientationLandscapeRight";
				LD_RUNPATH_SEARCH_PATHS = (
					"$(inherited)",
					"@executable_path/Frameworks",
				);
				MARKETING_VERSION = 1.0;
				PRODUCT_BUNDLE_IDENTIFIER = com.denisdragan.SwiftUIBootcamp;
				PRODUCT_NAME = "$(TARGET_NAME)";
				SWIFT_EMIT_LOC_STRINGS = YES;
				SWIFT_VERSION = 5.0;
				TARGETED_DEVICE_FAMILY = "1,2";
			};
			name = Release;
		};
/* End XCBuildConfiguration section */

/* Begin XCConfigurationList section */
		E26D13FE2ADA80AF00C552D2 /* Build configuration list for PBXProject "SwiftUIBootcamp" */ = {
			isa = XCConfigurationList;
			buildConfigurations = (
				E26D140F2ADA80B000C552D2 /* Debug */,
				E26D14102ADA80B000C552D2 /* Release */,
			);
			defaultConfigurationIsVisible = 0;
			defaultConfigurationName = Release;
		};
		E26D14112ADA80B000C552D2 /* Build configuration list for PBXNativeTarget "SwiftUIBootcamp" */ = {
			isa = XCConfigurationList;
			buildConfigurations = (
				E26D14122ADA80B000C552D2 /* Debug */,
				E26D14132ADA80B000C552D2 /* Release */,
			);
			defaultConfigurationIsVisible = 0;
			defaultConfigurationName = Release;
		};
/* End XCConfigurationList section */
	};
	rootObject = E26D13FB2ADA80AF00C552D2 /* Project object */;
}
